// !$*UTF8*$!
{
	archiveVersion = 1;
	classes = {
	};
	objectVersion = 46;
	objects = {

/* Begin PBXBuildFile section */
		D7F12BB01C22AF4200B17DED /* AppDelegate.swift in Sources */ = {isa = PBXBuildFile; fileRef = D7F12BAF1C22AF4200B17DED /* AppDelegate.swift */; };
		D7F12BB21C22AF4200B17DED /* ViewController.swift in Sources */ = {isa = PBXBuildFile; fileRef = D7F12BB11C22AF4200B17DED /* ViewController.swift */; };
		D7F12BB51C22AF4200B17DED /* Main.storyboard in Resources */ = {isa = PBXBuildFile; fileRef = D7F12BB31C22AF4200B17DED /* Main.storyboard */; };
		D7F12BB71C22AF4200B17DED /* Assets.xcassets in Resources */ = {isa = PBXBuildFile; fileRef = D7F12BB61C22AF4200B17DED /* Assets.xcassets */; };
		D7F12BBA1C22AF4200B17DED /* LaunchScreen.storyboard in Resources */ = {isa = PBXBuildFile; fileRef = D7F12BB81C22AF4200B17DED /* LaunchScreen.storyboard */; };
		D7F12BC51C22AF4200B17DED /* FirstSwiftTests.swift in Sources */ = {isa = PBXBuildFile; fileRef = D7F12BC41C22AF4200B17DED /* FirstSwiftTests.swift */; };
		D7F12BD01C22AF4200B17DED /* FirstSwiftUITests.swift in Sources */ = {isa = PBXBuildFile; fileRef = D7F12BCF1C22AF4200B17DED /* FirstSwiftUITests.swift */; };
/* End PBXBuildFile section */

/* Begin PBXContainerItemProxy section */
		D7F12BC11C22AF4200B17DED /* PBXContainerItemProxy */ = {
			isa = PBXContainerItemProxy;
			containerPortal = D7F12BA41C22AF4200B17DED /* Project object */;
			proxyType = 1;
			remoteGlobalIDString = D7F12BAB1C22AF4200B17DED;
			remoteInfo = FirstSwift;
		};
		D7F12BCC1C22AF4200B17DED /* PBXContainerItemProxy */ = {
			isa = PBXContainerItemProxy;
			containerPortal = D7F12BA41C22AF4200B17DED /* Project object */;
			proxyType = 1;
			remoteGlobalIDString = D7F12BAB1C22AF4200B17DED;
			remoteInfo = FirstSwift;
		};
/* End PBXContainerItemProxy section */

/* Begin PBXFileReference section */
		D7F12BAC1C22AF4200B17DED /* FirstSwift.app */ = {isa = PBXFileReference; explicitFileType = wrapper.application; includeInIndex = 0; path = FirstSwift.app; sourceTree = BUILT_PRODUCTS_DIR; };
		D7F12BAF1C22AF4200B17DED /* AppDelegate.swift */ = {isa = PBXFileReference; lastKnownFileType = sourcecode.swift; path = AppDelegate.swift; sourceTree = "<group>"; };
		D7F12BB11C22AF4200B17DED /* ViewController.swift */ = {isa = PBXFileReference; lastKnownFileType = sourcecode.swift; path = ViewController.swift; sourceTree = "<group>"; };
		D7F12BB41C22AF4200B17DED /* Base */ = {isa = PBXFileReference; lastKnownFileType = file.storyboard; name = Base; path = Base.lproj/Main.storyboard; sourceTree = "<group>"; };
		D7F12BB61C22AF4200B17DED /* Assets.xcassets */ = {isa = PBXFileReference; lastKnownFileType = folder.assetcatalog; path = Assets.xcassets; sourceTree = "<group>"; };
		D7F12BB91C22AF4200B17DED /* Base */ = {isa = PBXFileReference; lastKnownFileType = file.storyboard; name = Base; path = Base.lproj/LaunchScreen.storyboard; sourceTree = "<group>"; };
		D7F12BBB1C22AF4200B17DED /* Info.plist */ = {isa = PBXFileReference; lastKnownFileType = text.plist.xml; path = Info.plist; sourceTree = "<group>"; };
		D7F12BC01C22AF4200B17DED /* FirstSwiftTests.xctest */ = {isa = PBXFileReference; explicitFileType = wrapper.cfbundle; includeInIndex = 0; path = FirstSwiftTests.xctest; sourceTree = BUILT_PRODUCTS_DIR; };
		D7F12BC41C22AF4200B17DED /* FirstSwiftTests.swift */ = {isa = PBXFileReference; lastKnownFileType = sourcecode.swift; path = FirstSwiftTests.swift; sourceTree = "<group>"; };
		D7F12BC61C22AF4200B17DED /* Info.plist */ = {isa = PBXFileReference; lastKnownFileType = text.plist.xml; path = Info.plist; sourceTree = "<group>"; };
		D7F12BCB1C22AF4200B17DED /* FirstSwiftUITests.xctest */ = {isa = PBXFileReference; explicitFileType = wrapper.cfbundle; includeInIndex = 0; path = FirstSwiftUITests.xctest; sourceTree = BUILT_PRODUCTS_DIR; };
		D7F12BCF1C22AF4200B17DED /* FirstSwiftUITests.swift */ = {isa = PBXFileReference; lastKnownFileType = sourcecode.swift; path = FirstSwiftUITests.swift; sourceTree = "<group>"; };
		D7F12BD11C22AF4200B17DED /* Info.plist */ = {isa = PBXFileReference; lastKnownFileType = text.plist.xml; path = Info.plist; sourceTree = "<group>"; };
/* End PBXFileReference section */

/* Begin PBXFrameworksBuildPhase section */
		D7F12BA91C22AF4200B17DED /* Frameworks */ = {
			isa = PBXFrameworksBuildPhase;
			buildActionMask = 2147483647;
			files = (
			);
			runOnlyForDeploymentPostprocessing = 0;
		};
		D7F12BBD1C22AF4200B17DED /* Frameworks */ = {
			isa = PBXFrameworksBuildPhase;
			buildActionMask = 2147483647;
			files = (
			);
			runOnlyForDeploymentPostprocessing = 0;
		};
		D7F12BC81C22AF4200B17DED /* Frameworks */ = {
			isa = PBXFrameworksBuildPhase;
			buildActionMask = 2147483647;
			files = (
			);
			runOnlyForDeploymentPostprocessing = 0;
		};
/* End PBXFrameworksBuildPhase section */

/* Begin PBXGroup section */
		D7F12BA31C22AF4200B17DED = {
			isa = PBXGroup;
			children = (
				D7F12BAE1C22AF4200B17DED /* FirstSwift */,
				D7F12BC31C22AF4200B17DED /* FirstSwiftTests */,
				D7F12BCE1C22AF4200B17DED /* FirstSwiftUITests */,
				D7F12BAD1C22AF4200B17DED /* Products */,
			);
			sourceTree = "<group>";
		};
		D7F12BAD1C22AF4200B17DED /* Products */ = {
			isa = PBXGroup;
			children = (
				D7F12BAC1C22AF4200B17DED /* FirstSwift.app */,
				D7F12BC01C22AF4200B17DED /* FirstSwiftTests.xctest */,
				D7F12BCB1C22AF4200B17DED /* FirstSwiftUITests.xctest */,
			);
			name = Products;
			sourceTree = "<group>";
		};
		D7F12BAE1C22AF4200B17DED /* FirstSwift */ = {
			isa = PBXGroup;
			children = (
				D7F12BAF1C22AF4200B17DED /* AppDelegate.swift */,
				D7F12BB11C22AF4200B17DED /* ViewController.swift */,
				D7F12BB31C22AF4200B17DED /* Main.storyboard */,
				D7F12BB61C22AF4200B17DED /* Assets.xcassets */,
				D7F12BB81C22AF4200B17DED /* LaunchScreen.storyboard */,
				D7F12BBB1C22AF4200B17DED /* Info.plist */,
			);
			path = FirstSwift;
			sourceTree = "<group>";
		};
		D7F12BC31C22AF4200B17DED /* FirstSwiftTests */ = {
			isa = PBXGroup;
			children = (
				D7F12BC41C22AF4200B17DED /* FirstSwiftTests.swift */,
				D7F12BC61C22AF4200B17DED /* Info.plist */,
			);
			path = FirstSwiftTests;
			sourceTree = "<group>";
		};
		D7F12BCE1C22AF4200B17DED /* FirstSwiftUITests */ = {
			isa = PBXGroup;
			children = (
				D7F12BCF1C22AF4200B17DED /* FirstSwiftUITests.swift */,
				D7F12BD11C22AF4200B17DED /* Info.plist */,
			);
			path = FirstSwiftUITests;
			sourceTree = "<group>";
		};
/* End PBXGroup section */

/* Begin PBXNativeTarget section */
		D7F12BAB1C22AF4200B17DED /* FirstSwift */ = {
			isa = PBXNativeTarget;
			buildConfigurationList = D7F12BD41C22AF4200B17DED /* Build configuration list for PBXNativeTarget "FirstSwift" */;
			buildPhases = (
				D7F12BA81C22AF4200B17DED /* Sources */,
				D7F12BA91C22AF4200B17DED /* Frameworks */,
				D7F12BAA1C22AF4200B17DED /* Resources */,
			);
			buildRules = (
			);
			dependencies = (
			);
			name = FirstSwift;
			productName = FirstSwift;
			productReference = D7F12BAC1C22AF4200B17DED /* FirstSwift.app */;
			productType = "com.apple.product-type.application";
		};
		D7F12BBF1C22AF4200B17DED /* FirstSwiftTests */ = {
			isa = PBXNativeTarget;
			buildConfigurationList = D7F12BD71C22AF4200B17DED /* Build configuration list for PBXNativeTarget "FirstSwiftTests" */;
			buildPhases = (
				D7F12BBC1C22AF4200B17DED /* Sources */,
				D7F12BBD1C22AF4200B17DED /* Frameworks */,
				D7F12BBE1C22AF4200B17DED /* Resources */,
			);
			buildRules = (
			);
			dependencies = (
				D7F12BC21C22AF4200B17DED /* PBXTargetDependency */,
			);
			name = FirstSwiftTests;
			productName = FirstSwiftTests;
			productReference = D7F12BC01C22AF4200B17DED /* FirstSwiftTests.xctest */;
			productType = "com.apple.product-type.bundle.unit-test";
		};
		D7F12BCA1C22AF4200B17DED /* FirstSwiftUITests */ = {
			isa = PBXNativeTarget;
			buildConfigurationList = D7F12BDA1C22AF4200B17DED /* Build configuration list for PBXNativeTarget "FirstSwiftUITests" */;
			buildPhases = (
				D7F12BC71C22AF4200B17DED /* Sources */,
				D7F12BC81C22AF4200B17DED /* Frameworks */,
				D7F12BC91C22AF4200B17DED /* Resources */,
			);
			buildRules = (
			);
			dependencies = (
				D7F12BCD1C22AF4200B17DED /* PBXTargetDependency */,
			);
			name = FirstSwiftUITests;
			productName = FirstSwiftUITests;
			productReference = D7F12BCB1C22AF4200B17DED /* FirstSwiftUITests.xctest */;
			productType = "com.apple.product-type.bundle.ui-testing";
		};
/* End PBXNativeTarget section */

/* Begin PBXProject section */
		D7F12BA41C22AF4200B17DED /* Project object */ = {
			isa = PBXProject;
			attributes = {
				LastSwiftUpdateCheck = 0710;
				LastUpgradeCheck = 0710;
				ORGANIZATIONNAME = zhangjianyun;
				TargetAttributes = {
					D7F12BAB1C22AF4200B17DED = {
						CreatedOnToolsVersion = 7.1.1;
					};
					D7F12BBF1C22AF4200B17DED = {
						CreatedOnToolsVersion = 7.1.1;
						TestTargetID = D7F12BAB1C22AF4200B17DED;
					};
					D7F12BCA1C22AF4200B17DED = {
						CreatedOnToolsVersion = 7.1.1;
						TestTargetID = D7F12BAB1C22AF4200B17DED;
					};
				};
			};
			buildConfigurationList = D7F12BA71C22AF4200B17DED /* Build configuration list for PBXProject "FirstSwift" */;
			compatibilityVersion = "Xcode 3.2";
			developmentRegion = English;
			hasScannedForEncodings = 0;
			knownRegions = (
				en,
				Base,
			);
			mainGroup = D7F12BA31C22AF4200B17DED;
			productRefGroup = D7F12BAD1C22AF4200B17DED /* Products */;
			projectDirPath = "";
			projectRoot = "";
			targets = (
				D7F12BAB1C22AF4200B17DED /* FirstSwift */,
				D7F12BBF1C22AF4200B17DED /* FirstSwiftTests */,
				D7F12BCA1C22AF4200B17DED /* FirstSwiftUITests */,
			);
		};
/* End PBXProject section */

/* Begin PBXResourcesBuildPhase section */
		D7F12BAA1C22AF4200B17DED /* Resources */ = {
			isa = PBXResourcesBuildPhase;
			buildActionMask = 2147483647;
			files = (
				D7F12BBA1C22AF4200B17DED /* LaunchScreen.storyboard in Resources */,
				D7F12BB71C22AF4200B17DED /* Assets.xcassets in Resources */,
				D7F12BB51C22AF4200B17DED /* Main.storyboard in Resources */,
			);
			runOnlyForDeploymentPostprocessing = 0;
		};
		D7F12BBE1C22AF4200B17DED /* Resources */ = {
			isa = PBXResourcesBuildPhase;
			buildActionMask = 2147483647;
			files = (
			);
			runOnlyForDeploymentPostprocessing = 0;
		};
		D7F12BC91C22AF4200B17DED /* Resources */ = {
			isa = PBXResourcesBuildPhase;
			buildActionMask = 2147483647;
			files = (
			);
			runOnlyForDeploymentPostprocessing = 0;
		};
/* End PBXResourcesBuildPhase section */

/* Begin PBXSourcesBuildPhase section */
		D7F12BA81C22AF4200B17DED /* Sources */ = {
			isa = PBXSourcesBuildPhase;
			buildActionMask = 2147483647;
			files = (
				D7F12BB21C22AF4200B17DED /* ViewController.swift in Sources */,
				D7F12BB01C22AF4200B17DED /* AppDelegate.swift in Sources */,
			);
			runOnlyForDeploymentPostprocessing = 0;
		};
		D7F12BBC1C22AF4200B17DED /* Sources */ = {
			isa = PBXSourcesBuildPhase;
			buildActionMask = 2147483647;
			files = (
				D7F12BC51C22AF4200B17DED /* FirstSwiftTests.swift in Sources */,
			);
			runOnlyForDeploymentPostprocessing = 0;
		};
		D7F12BC71C22AF4200B17DED /* Sources */ = {
			isa = PBXSourcesBuildPhase;
			buildActionMask = 2147483647;
			files = (
				D7F12BD01C22AF4200B17DED /* FirstSwiftUITests.swift in Sources */,
			);
			runOnlyForDeploymentPostprocessing = 0;
		};
/* End PBXSourcesBuildPhase section */

/* Begin PBXTargetDependency section */
		D7F12BC21C22AF4200B17DED /* PBXTargetDependency */ = {
			isa = PBXTargetDependency;
			target = D7F12BAB1C22AF4200B17DED /* FirstSwift */;
			targetProxy = D7F12BC11C22AF4200B17DED /* PBXContainerItemProxy */;
		};
		D7F12BCD1C22AF4200B17DED /* PBXTargetDependency */ = {
			isa = PBXTargetDependency;
			target = D7F12BAB1C22AF4200B17DED /* FirstSwift */;
			targetProxy = D7F12BCC1C22AF4200B17DED /* PBXContainerItemProxy */;
		};
/* End PBXTargetDependency section */

/* Begin PBXVariantGroup section */
		D7F12BB31C22AF4200B17DED /* Main.storyboard */ = {
			isa = PBXVariantGroup;
			children = (
				D7F12BB41C22AF4200B17DED /* Base */,
			);
			name = Main.storyboard;
			sourceTree = "<group>";
		};
		D7F12BB81C22AF4200B17DED /* LaunchScreen.storyboard */ = {
			isa = PBXVariantGroup;
			children = (
				D7F12BB91C22AF4200B17DED /* Base */,
			);
			name = LaunchScreen.storyboard;
			sourceTree = "<group>";
		};
/* End PBXVariantGroup section */

/* Begin XCBuildConfiguration section */
		D7F12BD21C22AF4200B17DED /* Debug */ = {
			isa = XCBuildConfiguration;
			buildSettings = {
				ALWAYS_SEARCH_USER_PATHS = NO;
				CLANG_CXX_LANGUAGE_STANDARD = "gnu++0x";
				CLANG_CXX_LIBRARY = "libc++";
				CLANG_ENABLE_MODULES = YES;
				CLANG_ENABLE_OBJC_ARC = YES;
				CLANG_WARN_BOOL_CONVERSION = YES;
				CLANG_WARN_CONSTANT_CONVERSION = YES;
				CLANG_WARN_DIRECT_OBJC_ISA_USAGE = YES_ERROR;
				CLANG_WARN_EMPTY_BODY = YES;
				CLANG_WARN_ENUM_CONVERSION = YES;
				CLANG_WARN_INT_CONVERSION = YES;
				CLANG_WARN_OBJC_ROOT_CLASS = YES_ERROR;
				CLANG_WARN_UNREACHABLE_CODE = YES;
				CLANG_WARN__DUPLICATE_METHOD_MATCH = YES;
				"CODE_SIGN_IDENTITY[sdk=iphoneos*]" = "iPhone Developer";
				COPY_PHASE_STRIP = NO;
				DEBUG_INFORMATION_FORMAT = dwarf;
				ENABLE_STRICT_OBJC_MSGSEND = YES;
				ENABLE_TESTABILITY = YES;
				GCC_C_LANGUAGE_STANDARD = gnu99;
				GCC_DYNAMIC_NO_PIC = NO;
				GCC_NO_COMMON_BLOCKS = YES;
				GCC_OPTIMIZATION_LEVEL = 0;
				GCC_PREPROCESSOR_DEFINITIONS = (
					"DEBUG=1",
					"$(inherited)",
				);
				GCC_WARN_64_TO_32_BIT_CONVERSION = YES;
				GCC_WARN_ABOUT_RETURN_TYPE = YES_ERROR;
				GCC_WARN_UNDECLARED_SELECTOR = YES;
				GCC_WARN_UNINITIALIZED_AUTOS = YES_AGGRESSIVE;
				GCC_WARN_UNUSED_FUNCTION = YES;
				GCC_WARN_UNUSED_VARIABLE = YES;
				IPHONEOS_DEPLOYMENT_TARGET = 9.1;
				MTL_ENABLE_DEBUG_INFO = YES;
				ONLY_ACTIVE_ARCH = YES;
				SDKROOT = iphoneos;
				SWIFT_OPTIMIZATION_LEVEL = "-Onone";
			};
			name = Debug;
		};
		D7F12BD31C22AF4200B17DED /* Release */ = {
			isa = XCBuildConfiguration;
			buildSettings = {
				ALWAYS_SEARCH_USER_PATHS = NO;
				CLANG_CXX_LANGUAGE_STANDARD = "gnu++0x";
				CLANG_CXX_LIBRARY = "libc++";
				CLANG_ENABLE_MODULES = YES;
				CLANG_ENABLE_OBJC_ARC = YES;
				CLANG_WARN_BOOL_CONVERSION = YES;
				CLANG_WARN_CONSTANT_CONVERSION = YES;
				CLANG_WARN_DIRECT_OBJC_ISA_USAGE = YES_ERROR;
				CLANG_WARN_EMPTY_BODY = YES;
				CLANG_WARN_ENUM_CONVERSION = YES;
				CLANG_WARN_INT_CONVERSION = YES;
				CLANG_WARN_OBJC_ROOT_CLASS = YES_ERROR;
				CLANG_WARN_UNREACHABLE_CODE = YES;
				CLANG_WARN__DUPLICATE_METHOD_MATCH = YES;
				"CODE_SIGN_IDENTITY[sdk=iphoneos*]" = "iPhone Developer";
				COPY_PHASE_STRIP = NO;
				DEBUG_INFORMATION_FORMAT = "dwarf-with-dsym";
				ENABLE_NS_ASSERTIONS = NO;
				ENABLE_STRICT_OBJC_MSGSEND = YES;
				GCC_C_LANGUAGE_STANDARD = gnu99;
				GCC_NO_COMMON_BLOCKS = YES;
				GCC_WARN_64_TO_32_BIT_CONVERSION = YES;
				GCC_WARN_ABOUT_RETURN_TYPE = YES_ERROR;
				GCC_WARN_UNDECLARED_SELECTOR = YES;
				GCC_WARN_UNINITIALIZED_AUTOS = YES_AGGRESSIVE;
				GCC_WARN_UNUSED_FUNCTION = YES;
				GCC_WARN_UNUSED_VARIABLE = YES;
				IPHONEOS_DEPLOYMENT_TARGET = 9.1;
				MTL_ENABLE_DEBUG_INFO = NO;
				SDKROOT = iphoneos;
				VALIDATE_PRODUCT = YES;
			};
			name = Release;
		};
		D7F12BD51C22AF4200B17DED /* Debug */ = {
			isa = XCBuildConfiguration;
			buildSettings = {
				ASSETCATALOG_COMPILER_APPICON_NAME = AppIcon;
				INFOPLIST_FILE = FirstSwift/Info.plist;
				LD_RUNPATH_SEARCH_PATHS = "$(inherited) @executable_path/Frameworks";
				PRODUCT_BUNDLE_IDENTIFIER = xiaohei.FirstSwift;
				PRODUCT_NAME = "$(TARGET_NAME)";
			};
			name = Debug;
		};
		D7F12BD61C22AF4200B17DED /* Release */ = {
			isa = XCBuildConfiguration;
			buildSettings = {
				ASSETCATALOG_COMPILER_APPICON_NAME = AppIcon;
				INFOPLIST_FILE = FirstSwift/Info.plist;
				LD_RUNPATH_SEARCH_PATHS = "$(inherited) @executable_path/Frameworks";
				PRODUCT_BUNDLE_IDENTIFIER = xiaohei.FirstSwift;
				PRODUCT_NAME = "$(TARGET_NAME)";
			};
			name = Release;
		};
		D7F12BD81C22AF4200B17DED /* Debug */ = {
			isa = XCBuildConfiguration;
			buildSettings = {
				BUNDLE_LOADER = "$(TEST_HOST)";
				INFOPLIST_FILE = FirstSwiftTests/Info.plist;
				LD_RUNPATH_SEARCH_PATHS = "$(inherited) @executable_path/Frameworks @loader_path/Frameworks";
				PRODUCT_BUNDLE_IDENTIFIER = xiaohei.FirstSwiftTests;
				PRODUCT_NAME = "$(TARGET_NAME)";
				TEST_HOST = "$(BUILT_PRODUCTS_DIR)/FirstSwift.app/FirstSwift";
			};
			name = Debug;
		};
		D7F12BD91C22AF4200B17DED /* Release */ = {
			isa = XCBuildConfiguration;
			buildSettings = {
				BUNDLE_LOADER = "$(TEST_HOST)";
				INFOPLIST_FILE = FirstSwiftTests/Info.plist;
				LD_RUNPATH_SEARCH_PATHS = "$(inherited) @executable_path/Frameworks @loader_path/Frameworks";
				PRODUCT_BUNDLE_IDENTIFIER = xiaohei.FirstSwiftTests;
				PRODUCT_NAME = "$(TARGET_NAME)";
				TEST_HOST = "$(BUILT_PRODUCTS_DIR)/FirstSwift.app/FirstSwift";
			};
			name = Release;
		};
		D7F12BDB1C22AF4200B17DED /* Debug */ = {
			isa = XCBuildConfiguration;
			buildSettings = {
				INFOPLIST_FILE = FirstSwiftUITests/Info.plist;
				LD_RUNPATH_SEARCH_PATHS = "$(inherited) @executable_path/Frameworks @loader_path/Frameworks";
				PRODUCT_BUNDLE_IDENTIFIER = xiaohei.FirstSwiftUITests;
				PRODUCT_NAME = "$(TARGET_NAME)";
				TEST_TARGET_NAME = FirstSwift;
				USES_XCTRUNNER = YES;
			};
			name = Debug;
		};
		D7F12BDC1C22AF4200B17DED /* Release */ = {
			isa = XCBuildConfiguration;
			buildSettings = {
				INFOPLIST_FILE = FirstSwiftUITests/Info.plist;
				LD_RUNPATH_SEARCH_PATHS = "$(inherited) @executable_path/Frameworks @loader_path/Frameworks";
				PRODUCT_BUNDLE_IDENTIFIER = xiaohei.FirstSwiftUITests;
				PRODUCT_NAME = "$(TARGET_NAME)";
				TEST_TARGET_NAME = FirstSwift;
				USES_XCTRUNNER = YES;
			};
			name = Release;
		};
/* End XCBuildConfiguration section */

/* Begin XCConfigurationList section */
		D7F12BA71C22AF4200B17DED /* Build configuration list for PBXProject "FirstSwift" */ = {
			isa = XCConfigurationList;
			buildConfigurations = (
				D7F12BD21C22AF4200B17DED /* Debug */,
				D7F12BD31C22AF4200B17DED /* Release */,
			);
			defaultConfigurationIsVisible = 0;
			defaultConfigurationName = Release;
		};
		D7F12BD41C22AF4200B17DED /* Build configuration list for PBXNativeTarget "FirstSwift" */ = {
			isa = XCConfigurationList;
			buildConfigurations = (
				D7F12BD51C22AF4200B17DED /* Debug */,
				D7F12BD61C22AF4200B17DED /* Release */,
			);
			defaultConfigurationIsVisible = 0;
		};
		D7F12BD71C22AF4200B17DED /* Build configuration list for PBXNativeTarget "FirstSwiftTests" */ = {
			isa = XCConfigurationList;
			buildConfigurations = (
				D7F12BD81C22AF4200B17DED /* Debug */,
				D7F12BD91C22AF4200B17DED /* Release */,
			);
			defaultConfigurationIsVisible = 0;
		};
		D7F12BDA1C22AF4200B17DED /* Build configuration list for PBXNativeTarget "FirstSwiftUITests" */ = {
			isa = XCConfigurationList;
			buildConfigurations = (
				D7F12BDB1C22AF4200B17DED /* Debug */,
				D7F12BDC1C22AF4200B17DED /* Release */,
			);
			defaultConfigurationIsVisible = 0;
		};
/* End XCConfigurationList section */
	};
	rootObject = D7F12BA41C22AF4200B17DED /* Project object */;
}
